
Microsoft Visual Studio Solution File, Format Version 12.00
Project("{FAE04EC0-301F-11D3-BF4B-00C04F79EFBC}") = "Api", "Api\Api.csproj", "{88B9BD1B-36D9-4FE8-A0AE-70E52093183F}"
EndProject
Project("{FAE04EC0-301F-11D3-BF4B-00C04F79EFBC}") = "Database", "Database\Database.csproj", "{B07EBBD0-8879-42CE-82BF-E7252AD0914D}"
EndProject
Global
	GlobalSection(SolutionConfigurationPlatforms) = preSolution
		Debug|Any CPU = Debug|Any CPU
		Release|Any CPU = Release|Any CPU
	EndGlobalSection
	GlobalSection(ProjectConfigurationPlatforms) = postSolution
		{88B9BD1B-36D9-4FE8-A0AE-70E52093183F}.Debug|Any CPU.ActiveCfg = Debug|Any CPU
		{88B9BD1B-36D9-4FE8-A0AE-70E52093183F}.Debug|Any CPU.Build.0 = Debug|Any CPU
		{88B9BD1B-36D9-4FE8-A0AE-70E52093183F}.Release|Any CPU.ActiveCfg = Release|Any CPU
		{88B9BD1B-36D9-4FE8-A0AE-70E52093183F}.Release|Any CPU.Build.0 = Release|Any CPU
		{B07EBBD0-8879-42CE-82BF-E7252AD0914D}.Debug|Any CPU.ActiveCfg = Debug|Any CPU
		{B07EBBD0-8879-42CE-82BF-E7252AD0914D}.Debug|Any CPU.Build.0 = Debug|Any CPU
		{B07EBBD0-8879-42CE-82BF-E7252AD0914D}.Release|Any CPU.ActiveCfg = Release|Any CPU
		{B07EBBD0-8879-42CE-82BF-E7252AD0914D}.Release|Any CPU.Build.0 = Release|Any CPU
	EndGlobalSection
EndGlobal
